Microsoft Visual Studio Solution File, Format Version 12.00
# Visual Studio 15
VisualStudioVersion = 15.0.26020.0
MinimumVisualStudioVersion = 10.0.40219.1
Project("{FAE04EC0-301F-11D3-BF4B-00C04F79EFBC}") = "iBaseult", "iBaseult.csproj", "{409353FD-B224-4E5A-8C83-82ED37A76029}"
EndProject
Global
	GlobalSection(SolutionConfigurationPlatforms) = preSolution
		Debug|x64 = Debug|x64
		Release|x64 = Release|x64
	EndGlobalSection
	GlobalSection(ProjectConfigurationPlatforms) = postSolution
		{409353FD-B224-4E5A-8C83-82ED37A76029}.Debug|x64.ActiveCfg = Debug|x64
		{409353FD-B224-4E5A-8C83-82ED37A76029}.Debug|x64.Build.0 = Debug|x64
		{409353FD-B224-4E5A-8C83-82ED37A76029}.Release|x64.ActiveCfg = Release|x64
		{409353FD-B224-4E5A-8C83-82ED37A76029}.Release|x64.Build.0 = Release|x64
	EndGlobalSection
	GlobalSection(SolutionProperties) = preSolution
		HideSolutionNode = FALSE
	EndGlobalSection
EndGlobal
